<?xml version="1.0" encoding="utf-8"?>
<Project ToolsVersion="4.0" xmlns="http://schemas.microsoft.com/developer/msbuild/2003">
  <ItemGroup>
    <Filter Include="Source Files">
      <UniqueIdentifier>{4FC737F1-C7A5-4376-A066-2A32D752A2FF}</UniqueIdentifier>
      <Extensions>cpp;c;cc;cxx;def;odl;idl;hpj;bat;asm;asmx</Extensions>
    </Filter>
    <Filter Include="Header Files">
      <UniqueIdentifier>{93995380-89BD-4b04-88EB-625FBE52EBFB}</UniqueIdentifier>
      <Extensions>h;hpp;hxx;hm;inl;inc;xsd</Extensions>
    </Filter>
    <Filter Include="Resource Files">
      <UniqueIdentifier>{67DA6AB6-F800-4c08-8B7A-83BB121AAD01}</UniqueIdentifier>
      <Extensions>rc;ico;cur;bmp;dlg;rc2;rct;bin;rgs;gif;jpg;jpeg;jpe;resx;tiff;tif;png;wav;mfcribbon-ms</Extensions>
    </Filter>
    <Filter Include="Library Files">
      <UniqueIdentifier>{b5fdd001-c89c-4690-80fd-b4e85cd89a1e}</UniqueIdentifier>
      <Extensions>lib</Extensions>
    </Filter>
  </ItemGroup>
  <ItemGroup>
    <ClInclude Include="include\sqlite3.h">
      <Filter>Header Files</Filter>
    </ClInclude>
    <ClInclude Include="appmain.h">
      <Filter>Header Files</Filter>
    </ClInclude>
    <ClInclude Include="base64.h">
      <Filter>Header Files</Filter>
    </ClInclude>
    <ClInclude Include="cqp.h">
      <Filter>Header Files</Filter>
    </ClInclude>
    <ClInclude Include="diceroller.h">
      <Filter>Header Files</Filter>
    </ClInclude>
    <ClInclude Include="messagepipeline.h">
      <Filter>Header Files</Filter>
    </ClInclude>
    <ClInclude Include="QTool.h">
      <Filter>Header Files</Filter>
    </ClInclude>
    <ClInclude Include="stdafx.h">
      <Filter>Header Files</Filter>
    </ClInclude>
    <ClInclude Include="targetver.h">
      <Filter>Header Files</Filter>
    </ClInclude>
    <ClInclude Include="utility.h">
      <Filter>Header Files</Filter>
    </ClInclude>
    <ClInclude Include="nickManager.h">
      <Filter>Header Files</Filter>
    </ClInclude>
    <ClInclude Include="databaseManager.h">
      <Filter>Header Files</Filter>
    </ClInclude>
    <ClInclude Include="diceSpliter.h">
      <Filter>Header Files</Filter>
    </ClInclude>
    <ClInclude Include="manualdice.h">
      <Filter>Header Files</Filter>
    </ClInclude>
    <ClInclude Include="manualDiceControl.h">
      <Filter>Header Files</Filter>
    </ClInclude>
    <ClInclude Include="encoder.h">
      <Filter>Header Files</Filter>
    </ClInclude>
  </ItemGroup>
  <ItemGroup>
    <Library Include="CQP.lib">
      <Filter>Library Files</Filter>
    </Library>
    <Library Include="lib_Debug\sqlite3.lib">
      <Filter>Library Files</Filter>
    </Library>
    <Library Include="lib_Release\sqlite3.lib">
      <Filter>Library Files</Filter>
    </Library>
  </ItemGroup>
  <ItemGroup>
    <None Include="com.dynilath.coolqdicebot.json" />
    <None Include="..\README.md" />
  </ItemGroup>
  <ItemGroup>
    <ClCompile Include="appmain.cpp">
      <Filter>Source Files</Filter>
    </ClCompile>
    <ClCompile Include="diceroller.cpp">
      <Filter>Source Files</Filter>
    </ClCompile>
    <ClCompile Include="dllmain.cpp">
      <Filter>Source Files</Filter>
    </ClCompile>
    <ClCompile Include="messagepipeline.cpp">
      <Filter>Source Files</Filter>
    </ClCompile>
    <ClCompile Include="QTool.cpp">
      <Filter>Source Files</Filter>
    </ClCompile>
    <ClCompile Include="stdafx.cpp">
      <Filter>Source Files</Filter>
    </ClCompile>
    <ClCompile Include="utility.cpp">
      <Filter>Source Files</Filter>
    </ClCompile>
    <ClCompile Include="diceSpliter.cpp">
      <Filter>Source Files</Filter>
    </ClCompile>
    <ClCompile Include="nickManager.cpp">
      <Filter>Source Files</Filter>
    </ClCompile>
    <ClCompile Include="databaseManager.cpp">
      <Filter>Source Files</Filter>
    </ClCompile>
    <ClCompile Include="manualdice.cpp">
      <Filter>Source Files</Filter>
    </ClCompile>
    <ClCompile Include="manualDiceControl.cpp">
      <Filter>Source Files</Filter>
    </ClCompile>
    <ClCompile Include="encoder.cpp">
      <Filter>Source Files</Filter>
    </ClCompile>
  </ItemGroup>
</Project>